// !$*UTF8*$!
{
	archiveVersion = 1;
	classes = {
	};
	objectVersion = 55;
	objects = {

/* Begin PBXBuildFile section */
		ABB3E0DC2868205D00327063 /* AppDelegate.swift in Sources */ = {isa = PBXBuildFile; fileRef = ABB3E0DB2868205D00327063 /* AppDelegate.swift */; };
		ABB3E0DE2868205D00327063 /* SceneDelegate.swift in Sources */ = {isa = PBXBuildFile; fileRef = ABB3E0DD2868205D00327063 /* SceneDelegate.swift */; };
		ABB3E0E02868205D00327063 /* ViewController.swift in Sources */ = {isa = PBXBuildFile; fileRef = ABB3E0DF2868205D00327063 /* ViewController.swift */; };
		ABB3E0E32868205D00327063 /* Main.storyboard in Resources */ = {isa = PBXBuildFile; fileRef = ABB3E0E12868205D00327063 /* Main.storyboard */; };
		ABB3E0E52868205D00327063 /* Assets.xcassets in Resources */ = {isa = PBXBuildFile; fileRef = ABB3E0E42868205D00327063 /* Assets.xcassets */; };
		ABB3E0E82868205D00327063 /* LaunchScreen.storyboard in Resources */ = {isa = PBXBuildFile; fileRef = ABB3E0E62868205D00327063 /* LaunchScreen.storyboard */; };
		ABB3E0F32868205D00327063 /* dataDisplayTests.swift in Sources */ = {isa = PBXBuildFile; fileRef = ABB3E0F22868205D00327063 /* dataDisplayTests.swift */; };
		ABB3E0FD2868205D00327063 /* dataDisplayUITests.swift in Sources */ = {isa = PBXBuildFile; fileRef = ABB3E0FC2868205D00327063 /* dataDisplayUITests.swift */; };
		ABB3E0FF2868205D00327063 /* dataDisplayUITestsLaunchTests.swift in Sources */ = {isa = PBXBuildFile; fileRef = ABB3E0FE2868205D00327063 /* dataDisplayUITestsLaunchTests.swift */; };
		ABBB7B66286826FA00CE57AB /* CustomCell.swift in Sources */ = {isa = PBXBuildFile; fileRef = ABBB7B64286826FA00CE57AB /* CustomCell.swift */; };
		ABBB7B67286826FA00CE57AB /* CustomCell.xib in Resources */ = {isa = PBXBuildFile; fileRef = ABBB7B65286826FA00CE57AB /* CustomCell.xib */; };
/* End PBXBuildFile section */

/* Begin PBXContainerItemProxy section */
		ABB3E0EF2868205D00327063 /* PBXContainerItemProxy */ = {
			isa = PBXContainerItemProxy;
			containerPortal = ABB3E0D02868205D00327063 /* Project object */;
			proxyType = 1;
			remoteGlobalIDString = ABB3E0D72868205D00327063;
			remoteInfo = dataDisplay;
		};
		ABB3E0F92868205D00327063 /* PBXContainerItemProxy */ = {
			isa = PBXContainerItemProxy;
			containerPortal = ABB3E0D02868205D00327063 /* Project object */;
			proxyType = 1;
			remoteGlobalIDString = ABB3E0D72868205D00327063;
			remoteInfo = dataDisplay;
		};
/* End PBXContainerItemProxy section */

/* Begin PBXFileReference section */
		ABB3E0D82868205D00327063 /* dataDisplay.app */ = {isa = PBXFileReference; explicitFileType = wrapper.application; includeInIndex = 0; path = dataDisplay.app; sourceTree = BUILT_PRODUCTS_DIR; };
		ABB3E0DB2868205D00327063 /* AppDelegate.swift */ = {isa = PBXFileReference; lastKnownFileType = sourcecode.swift; path = AppDelegate.swift; sourceTree = "<group>"; };
		ABB3E0DD2868205D00327063 /* SceneDelegate.swift */ = {isa = PBXFileReference; lastKnownFileType = sourcecode.swift; path = SceneDelegate.swift; sourceTree = "<group>"; };
		ABB3E0DF2868205D00327063 /* ViewController.swift */ = {isa = PBXFileReference; lastKnownFileType = sourcecode.swift; path = ViewController.swift; sourceTree = "<group>"; };
		ABB3E0E22868205D00327063 /* Base */ = {isa = PBXFileReference; lastKnownFileType = file.storyboard; name = Base; path = Base.lproj/Main.storyboard; sourceTree = "<group>"; };
		ABB3E0E42868205D00327063 /* Assets.xcassets */ = {isa = PBXFileReference; lastKnownFileType = folder.assetcatalog; path = Assets.xcassets; sourceTree = "<group>"; };
		ABB3E0E72868205D00327063 /* Base */ = {isa = PBXFileReference; lastKnownFileType = file.storyboard; name = Base; path = Base.lproj/LaunchScreen.storyboard; sourceTree = "<group>"; };
		ABB3E0E92868205D00327063 /* Info.plist */ = {isa = PBXFileReference; lastKnownFileType = text.plist.xml; path = Info.plist; sourceTree = "<group>"; };
		ABB3E0EE2868205D00327063 /* dataDisplayTests.xctest */ = {isa = PBXFileReference; explicitFileType = wrapper.cfbundle; includeInIndex = 0; path = dataDisplayTests.xctest; sourceTree = BUILT_PRODUCTS_DIR; };
		ABB3E0F22868205D00327063 /* dataDisplayTests.swift */ = {isa = PBXFileReference; lastKnownFileType = sourcecode.swift; path = dataDisplayTests.swift; sourceTree = "<group>"; };
		ABB3E0F82868205D00327063 /* dataDisplayUITests.xctest */ = {isa = PBXFileReference; explicitFileType = wrapper.cfbundle; includeInIndex = 0; path = dataDisplayUITests.xctest; sourceTree = BUILT_PRODUCTS_DIR; };
		ABB3E0FC2868205D00327063 /* dataDisplayUITests.swift */ = {isa = PBXFileReference; lastKnownFileType = sourcecode.swift; path = dataDisplayUITests.swift; sourceTree = "<group>"; };
		ABB3E0FE2868205D00327063 /* dataDisplayUITestsLaunchTests.swift */ = {isa = PBXFileReference; lastKnownFileType = sourcecode.swift; path = dataDisplayUITestsLaunchTests.swift; sourceTree = "<group>"; };
		ABBB7B64286826FA00CE57AB /* CustomCell.swift */ = {isa = PBXFileReference; lastKnownFileType = sourcecode.swift; path = CustomCell.swift; sourceTree = "<group>"; };
		ABBB7B65286826FA00CE57AB /* CustomCell.xib */ = {isa = PBXFileReference; lastKnownFileType = file.xib; path = CustomCell.xib; sourceTree = "<group>"; };
/* End PBXFileReference section */

/* Begin PBXFrameworksBuildPhase section */
		ABB3E0D52868205D00327063 /* Frameworks */ = {
			isa = PBXFrameworksBuildPhase;
			buildActionMask = 2147483647;
			files = (
			);
			runOnlyForDeploymentPostprocessing = 0;
		};
		ABB3E0EB2868205D00327063 /* Frameworks */ = {
			isa = PBXFrameworksBuildPhase;
			buildActionMask = 2147483647;
			files = (
			);
			runOnlyForDeploymentPostprocessing = 0;
		};
		ABB3E0F52868205D00327063 /* Frameworks */ = {
			isa = PBXFrameworksBuildPhase;
			buildActionMask = 2147483647;
			files = (
			);
			runOnlyForDeploymentPostprocessing = 0;
		};
/* End PBXFrameworksBuildPhase section */

/* Begin PBXGroup section */
		ABB3E0CF2868205D00327063 = {
			isa = PBXGroup;
			children = (
				ABB3E0DA2868205D00327063 /* dataDisplay */,
				ABB3E0F12868205D00327063 /* dataDisplayTests */,
				ABB3E0FB2868205D00327063 /* dataDisplayUITests */,
				ABB3E0D92868205D00327063 /* Products */,
			);
			sourceTree = "<group>";
		};
		ABB3E0D92868205D00327063 /* Products */ = {
			isa = PBXGroup;
			children = (
				ABB3E0D82868205D00327063 /* dataDisplay.app */,
				ABB3E0EE2868205D00327063 /* dataDisplayTests.xctest */,
				ABB3E0F82868205D00327063 /* dataDisplayUITests.xctest */,
			);
			name = Products;
			sourceTree = "<group>";
		};
		ABB3E0DA2868205D00327063 /* dataDisplay */ = {
			isa = PBXGroup;
			children = (
				ABB3E0DB2868205D00327063 /* AppDelegate.swift */,
				ABB3E0DD2868205D00327063 /* SceneDelegate.swift */,
				ABBB7B682868272700CE57AB /* Controllers */,
				ABBB7B63286826BC00CE57AB /* View */,
				ABB3E0E42868205D00327063 /* Assets.xcassets */,
				ABB3E0E62868205D00327063 /* LaunchScreen.storyboard */,
				ABB3E0E92868205D00327063 /* Info.plist */,
			);
			path = dataDisplay;
			sourceTree = "<group>";
		};
		ABB3E0F12868205D00327063 /* dataDisplayTests */ = {
			isa = PBXGroup;
			children = (
				ABB3E0F22868205D00327063 /* dataDisplayTests.swift */,
			);
			path = dataDisplayTests;
			sourceTree = "<group>";
		};
		ABB3E0FB2868205D00327063 /* dataDisplayUITests */ = {
			isa = PBXGroup;
			children = (
				ABB3E0FC2868205D00327063 /* dataDisplayUITests.swift */,
				ABB3E0FE2868205D00327063 /* dataDisplayUITestsLaunchTests.swift */,
			);
			path = dataDisplayUITests;
			sourceTree = "<group>";
		};
		ABBB7B63286826BC00CE57AB /* View */ = {
			isa = PBXGroup;
			children = (
				ABB3E0E12868205D00327063 /* Main.storyboard */,
				ABBB7B64286826FA00CE57AB /* CustomCell.swift */,
				ABBB7B65286826FA00CE57AB /* CustomCell.xib */,
			);
			path = View;
			sourceTree = "<group>";
		};
		ABBB7B682868272700CE57AB /* Controllers */ = {
			isa = PBXGroup;
			children = (
				ABB3E0DF2868205D00327063 /* ViewController.swift */,
			);
			name = Controllers;
			sourceTree = "<group>";
		};
/* End PBXGroup section */

/* Begin PBXNativeTarget section */
		ABB3E0D72868205D00327063 /* dataDisplay */ = {
			isa = PBXNativeTarget;
			buildConfigurationList = ABB3E1022868205D00327063 /* Build configuration list for PBXNativeTarget "dataDisplay" */;
			buildPhases = (
				ABB3E0D42868205D00327063 /* Sources */,
				ABB3E0D52868205D00327063 /* Frameworks */,
				ABB3E0D62868205D00327063 /* Resources */,
			);
			buildRules = (
			);
			dependencies = (
			);
			name = dataDisplay;
			productName = dataDisplay;
			productReference = ABB3E0D82868205D00327063 /* dataDisplay.app */;
			productType = "com.apple.product-type.application";
		};
		ABB3E0ED2868205D00327063 /* dataDisplayTests */ = {
			isa = PBXNativeTarget;
			buildConfigurationList = ABB3E1052868205D00327063 /* Build configuration list for PBXNativeTarget "dataDisplayTests" */;
			buildPhases = (
				ABB3E0EA2868205D00327063 /* Sources */,
				ABB3E0EB2868205D00327063 /* Frameworks */,
				ABB3E0EC2868205D00327063 /* Resources */,
			);
			buildRules = (
			);
			dependencies = (
				ABB3E0F02868205D00327063 /* PBXTargetDependency */,
			);
			name = dataDisplayTests;
			productName = dataDisplayTests;
			productReference = ABB3E0EE2868205D00327063 /* dataDisplayTests.xctest */;
			productType = "com.apple.product-type.bundle.unit-test";
		};
		ABB3E0F72868205D00327063 /* dataDisplayUITests */ = {
			isa = PBXNativeTarget;
			buildConfigurationList = ABB3E1082868205D00327063 /* Build configuration list for PBXNativeTarget "dataDisplayUITests" */;
			buildPhases = (
				ABB3E0F42868205D00327063 /* Sources */,
				ABB3E0F52868205D00327063 /* Frameworks */,
				ABB3E0F62868205D00327063 /* Resources */,
			);
			buildRules = (
			);
			dependencies = (
				ABB3E0FA2868205D00327063 /* PBXTargetDependency */,
			);
			name = dataDisplayUITests;
			productName = dataDisplayUITests;
			productReference = ABB3E0F82868205D00327063 /* dataDisplayUITests.xctest */;
			productType = "com.apple.product-type.bundle.ui-testing";
		};
/* End PBXNativeTarget section */

/* Begin PBXProject section */
		ABB3E0D02868205D00327063 /* Project object */ = {
			isa = PBXProject;
			attributes = {
				BuildIndependentTargetsInParallel = 1;
				LastSwiftUpdateCheck = 1340;
				LastUpgradeCheck = 1340;
				TargetAttributes = {
					ABB3E0D72868205D00327063 = {
						CreatedOnToolsVersion = 13.4.1;
					};
					ABB3E0ED2868205D00327063 = {
						CreatedOnToolsVersion = 13.4.1;
						TestTargetID = ABB3E0D72868205D00327063;
					};
					ABB3E0F72868205D00327063 = {
						CreatedOnToolsVersion = 13.4.1;
						TestTargetID = ABB3E0D72868205D00327063;
					};
				};
			};
			buildConfigurationList = ABB3E0D32868205D00327063 /* Build configuration list for PBXProject "dataDisplay" */;
			compatibilityVersion = "Xcode 13.0";
			developmentRegion = en;
			hasScannedForEncodings = 0;
			knownRegions = (
				en,
				Base,
			);
			mainGroup = ABB3E0CF2868205D00327063;
			productRefGroup = ABB3E0D92868205D00327063 /* Products */;
			projectDirPath = "";
			projectRoot = "";
			targets = (
				ABB3E0D72868205D00327063 /* dataDisplay */,
				ABB3E0ED2868205D00327063 /* dataDisplayTests */,
				ABB3E0F72868205D00327063 /* dataDisplayUITests */,
			);
		};
/* End PBXProject section */

/* Begin PBXResourcesBuildPhase section */
		ABB3E0D62868205D00327063 /* Resources */ = {
			isa = PBXResourcesBuildPhase;
			buildActionMask = 2147483647;
			files = (
				ABB3E0E82868205D00327063 /* LaunchScreen.storyboard in Resources */,
				ABB3E0E52868205D00327063 /* Assets.xcassets in Resources */,
				ABBB7B67286826FA00CE57AB /* CustomCell.xib in Resources */,
				ABB3E0E32868205D00327063 /* Main.storyboard in Resources */,
			);
			runOnlyForDeploymentPostprocessing = 0;
		};
		ABB3E0EC2868205D00327063 /* Resources */ = {
			isa = PBXResourcesBuildPhase;
			buildActionMask = 2147483647;
			files = (
			);
			runOnlyForDeploymentPostprocessing = 0;
		};
		ABB3E0F62868205D00327063 /* Resources */ = {
			isa = PBXResourcesBuildPhase;
			buildActionMask = 2147483647;
			files = (
			);
			runOnlyForDeploymentPostprocessing = 0;
		};
/* End PBXResourcesBuildPhase section */

/* Begin PBXSourcesBuildPhase section */
		ABB3E0D42868205D00327063 /* Sources */ = {
			isa = PBXSourcesBuildPhase;
			buildActionMask = 2147483647;
			files = (
				ABB3E0E02868205D00327063 /* ViewController.swift in Sources */,
				ABB3E0DC2868205D00327063 /* AppDelegate.swift in Sources */,
				ABBB7B66286826FA00CE57AB /* CustomCell.swift in Sources */,
				ABB3E0DE2868205D00327063 /* SceneDelegate.swift in Sources */,
			);
			runOnlyForDeploymentPostprocessing = 0;
		};
		ABB3E0EA2868205D00327063 /* Sources */ = {
			isa = PBXSourcesBuildPhase;
			buildActionMask = 2147483647;
			files = (
				ABB3E0F32868205D00327063 /* dataDisplayTests.swift in Sources */,
			);
			runOnlyForDeploymentPostprocessing = 0;
		};
		ABB3E0F42868205D00327063 /* Sources */ = {
			isa = PBXSourcesBuildPhase;
			buildActionMask = 2147483647;
			files = (
				ABB3E0FD2868205D00327063 /* dataDisplayUITests.swift in Sources */,
				ABB3E0FF2868205D00327063 /* dataDisplayUITestsLaunchTests.swift in Sources */,
			);
			runOnlyForDeploymentPostprocessing = 0;
		};
/* End PBXSourcesBuildPhase section */

/* Begin PBXTargetDependency section */
		ABB3E0F02868205D00327063 /* PBXTargetDependency */ = {
			isa = PBXTargetDependency;
			target = ABB3E0D72868205D00327063 /* dataDisplay */;
			targetProxy = ABB3E0EF2868205D00327063 /* PBXContainerItemProxy */;
		};
		ABB3E0FA2868205D00327063 /* PBXTargetDependency */ = {
			isa = PBXTargetDependency;
			target = ABB3E0D72868205D00327063 /* dataDisplay */;
			targetProxy = ABB3E0F92868205D00327063 /* PBXContainerItemProxy */;
		};
/* End PBXTargetDependency section */

/* Begin PBXVariantGroup section */
		ABB3E0E12868205D00327063 /* Main.storyboard */ = {
			isa = PBXVariantGroup;
			children = (
				ABB3E0E22868205D00327063 /* Base */,
			);
			name = Main.storyboard;
			sourceTree = "<group>";
		};
		ABB3E0E62868205D00327063 /* LaunchScreen.storyboard */ = {
			isa = PBXVariantGroup;
			children = (
				ABB3E0E72868205D00327063 /* Base */,
			);
			name = LaunchScreen.storyboard;
			sourceTree = "<group>";
		};
/* End PBXVariantGroup section */

/* Begin XCBuildConfiguration section */
		ABB3E1002868205D00327063 /* Debug */ = {
			isa = XCBuildConfiguration;
			buildSettings = {
				ALWAYS_SEARCH_USER_PATHS = NO;
				CLANG_ANALYZER_NONNULL = YES;
				CLANG_ANALYZER_NUMBER_OBJECT_CONVERSION = YES_AGGRESSIVE;
				CLANG_CXX_LANGUAGE_STANDARD = "gnu++17";
				CLANG_ENABLE_MODULES = YES;
				CLANG_ENABLE_OBJC_ARC = YES;
				CLANG_ENABLE_OBJC_WEAK = YES;
				CLANG_WARN_BLOCK_CAPTURE_AUTORELEASING = YES;
				CLANG_WARN_BOOL_CONVERSION = YES;
				CLANG_WARN_COMMA = YES;
				CLANG_WARN_CONSTANT_CONVERSION = YES;
				CLANG_WARN_DEPRECATED_OBJC_IMPLEMENTATIONS = YES;
				CLANG_WARN_DIRECT_OBJC_ISA_USAGE = YES_ERROR;
				CLANG_WARN_DOCUMENTATION_COMMENTS = YES;
				CLANG_WARN_EMPTY_BODY = YES;
				CLANG_WARN_ENUM_CONVERSION = YES;
				CLANG_WARN_INFINITE_RECURSION = YES;
				CLANG_WARN_INT_CONVERSION = YES;
				CLANG_WARN_NON_LITERAL_NULL_CONVERSION = YES;
				CLANG_WARN_OBJC_IMPLICIT_RETAIN_SELF = YES;
				CLANG_WARN_OBJC_LITERAL_CONVERSION = YES;
				CLANG_WARN_OBJC_ROOT_CLASS = YES_ERROR;
				CLANG_WARN_QUOTED_INCLUDE_IN_FRAMEWORK_HEADER = YES;
				CLANG_WARN_RANGE_LOOP_ANALYSIS = YES;
				CLANG_WARN_STRICT_PROTOTYPES = YES;
				CLANG_WARN_SUSPICIOUS_MOVE = YES;
				CLANG_WARN_UNGUARDED_AVAILABILITY = YES_AGGRESSIVE;
				CLANG_WARN_UNREACHABLE_CODE = YES;
				CLANG_WARN__DUPLICATE_METHOD_MATCH = YES;
				COPY_PHASE_STRIP = NO;
				DEBUG_INFORMATION_FORMAT = dwarf;
				ENABLE_STRICT_OBJC_MSGSEND = YES;
				ENABLE_TESTABILITY = YES;
				GCC_C_LANGUAGE_STANDARD = gnu11;
				GCC_DYNAMIC_NO_PIC = NO;
				GCC_NO_COMMON_BLOCKS = YES;
				GCC_OPTIMIZATION_LEVEL = 0;
				GCC_PREPROCESSOR_DEFINITIONS = (
					"DEBUG=1",
					"$(inherited)",
				);
				GCC_WARN_64_TO_32_BIT_CONVERSION = YES;
				GCC_WARN_ABOUT_RETURN_TYPE = YES_ERROR;
				GCC_WARN_UNDECLARED_SELECTOR = YES;
				GCC_WARN_UNINITIALIZED_AUTOS = YES_AGGRESSIVE;
				GCC_WARN_UNUSED_FUNCTION = YES;
				GCC_WARN_UNUSED_VARIABLE = YES;
				IPHONEOS_DEPLOYMENT_TARGET = 15.5;
				MTL_ENABLE_DEBUG_INFO = INCLUDE_SOURCE;
				MTL_FAST_MATH = YES;
				ONLY_ACTIVE_ARCH = YES;
				SDKROOT = iphoneos;
				SWIFT_ACTIVE_COMPILATION_CONDITIONS = DEBUG;
				SWIFT_OPTIMIZATION_LEVEL = "-Onone";
			};
			name = Debug;
		};
		ABB3E1012868205D00327063 /* Release */ = {
			isa = XCBuildConfiguration;
			buildSettings = {
				ALWAYS_SEARCH_USER_PATHS = NO;
				CLANG_ANALYZER_NONNULL = YES;
				CLANG_ANALYZER_NUMBER_OBJECT_CONVERSION = YES_AGGRESSIVE;
				CLANG_CXX_LANGUAGE_STANDARD = "gnu++17";
				CLANG_ENABLE_MODULES = YES;
				CLANG_ENABLE_OBJC_ARC = YES;
				CLANG_ENABLE_OBJC_WEAK = YES;
				CLANG_WARN_BLOCK_CAPTURE_AUTORELEASING = YES;
				CLANG_WARN_BOOL_CONVERSION = YES;
				CLANG_WARN_COMMA = YES;
				CLANG_WARN_CONSTANT_CONVERSION = YES;
				CLANG_WARN_DEPRECATED_OBJC_IMPLEMENTATIONS = YES;
				CLANG_WARN_DIRECT_OBJC_ISA_USAGE = YES_ERROR;
				CLANG_WARN_DOCUMENTATION_COMMENTS = YES;
				CLANG_WARN_EMPTY_BODY = YES;
				CLANG_WARN_ENUM_CONVERSION = YES;
				CLANG_WARN_INFINITE_RECURSION = YES;
				CLANG_WARN_INT_CONVERSION = YES;
				CLANG_WARN_NON_LITERAL_NULL_CONVERSION = YES;
				CLANG_WARN_OBJC_IMPLICIT_RETAIN_SELF = YES;
				CLANG_WARN_OBJC_LITERAL_CONVERSION = YES;
				CLANG_WARN_OBJC_ROOT_CLASS = YES_ERROR;
				CLANG_WARN_QUOTED_INCLUDE_IN_FRAMEWORK_HEADER = YES;
				CLANG_WARN_RANGE_LOOP_ANALYSIS = YES;
				CLANG_WARN_STRICT_PROTOTYPES = YES;
				CLANG_WARN_SUSPICIOUS_MOVE = YES;
				CLANG_WARN_UNGUARDED_AVAILABILITY = YES_AGGRESSIVE;
				CLANG_WARN_UNREACHABLE_CODE = YES;
				CLANG_WARN__DUPLICATE_METHOD_MATCH = YES;
				COPY_PHASE_STRIP = NO;
				DEBUG_INFORMATION_FORMAT = "dwarf-with-dsym";
				ENABLE_NS_ASSERTIONS = NO;
				ENABLE_STRICT_OBJC_MSGSEND = YES;
				GCC_C_LANGUAGE_STANDARD = gnu11;
				GCC_NO_COMMON_BLOCKS = YES;
				GCC_WARN_64_TO_32_BIT_CONVERSION = YES;
				GCC_WARN_ABOUT_RETURN_TYPE = YES_ERROR;
				GCC_WARN_UNDECLARED_SELECTOR = YES;
				GCC_WARN_UNINITIALIZED_AUTOS = YES_AGGRESSIVE;
				GCC_WARN_UNUSED_FUNCTION = YES;
				GCC_WARN_UNUSED_VARIABLE = YES;
				IPHONEOS_DEPLOYMENT_TARGET = 15.5;
				MTL_ENABLE_DEBUG_INFO = NO;
				MTL_FAST_MATH = YES;
				SDKROOT = iphoneos;
				SWIFT_COMPILATION_MODE = wholemodule;
				SWIFT_OPTIMIZATION_LEVEL = "-O";
				VALIDATE_PRODUCT = YES;
			};
			name = Release;
		};
		ABB3E1032868205D00327063 /* Debug */ = {
			isa = XCBuildConfiguration;
			buildSettings = {
				ASSETCATALOG_COMPILER_APPICON_NAME = AppIcon;
				ASSETCATALOG_COMPILER_GLOBAL_ACCENT_COLOR_NAME = AccentColor;
				CODE_SIGN_STYLE = Automatic;
				CURRENT_PROJECT_VERSION = 1;
				DEVELOPMENT_TEAM = NH7BJRH7T4;
				GENERATE_INFOPLIST_FILE = YES;
				INFOPLIST_FILE = dataDisplay/Info.plist;
				INFOPLIST_KEY_UIApplicationSupportsIndirectInputEvents = YES;
				INFOPLIST_KEY_UILaunchStoryboardName = LaunchScreen;
				INFOPLIST_KEY_UIMainStoryboardFile = Main;
				INFOPLIST_KEY_UISupportedInterfaceOrientations_iPad = "UIInterfaceOrientationPortrait UIInterfaceOrientationPortraitUpsideDown UIInterfaceOrientationLandscapeLeft UIInterfaceOrientationLandscapeRight";
				INFOPLIST_KEY_UISupportedInterfaceOrientations_iPhone = "UIInterfaceOrientationPortrait UIInterfaceOrientationLandscapeLeft UIInterfaceOrientationLandscapeRight";
				LD_RUNPATH_SEARCH_PATHS = (
					"$(inherited)",
					"@executable_path/Frameworks",
				);
				MARKETING_VERSION = 1.0;
				PRODUCT_BUNDLE_IDENTIFIER = "com.shunsuke-soeyama.dataDisplay20220626";
				PRODUCT_NAME = "$(TARGET_NAME)";
				SWIFT_EMIT_LOC_STRINGS = YES;
				SWIFT_VERSION = 5.0;
				TARGETED_DEVICE_FAMILY = "1,2";
			};
			name = Debug;
		};
		ABB3E1042868205D00327063 /* Release */ = {
			isa = XCBuildConfiguration;
			buildSettings = {
				ASSETCATALOG_COMPILER_APPICON_NAME = AppIcon;
				ASSETCATALOG_COMPILER_GLOBAL_ACCENT_COLOR_NAME = AccentColor;
				CODE_SIGN_STYLE = Automatic;
				CURRENT_PROJECT_VERSION = 1;
				DEVELOPMENT_TEAM = NH7BJRH7T4;
				GENERATE_INFOPLIST_FILE = YES;
				INFOPLIST_FILE = dataDisplay/Info.plist;
				INFOPLIST_KEY_UIApplicationSupportsIndirectInputEvents = YES;
				INFOPLIST_KEY_UILaunchStoryboardName = LaunchScreen;
				INFOPLIST_KEY_UIMainStoryboardFile = Main;
				INFOPLIST_KEY_UISupportedInterfaceOrientations_iPad = "UIInterfaceOrientationPortrait UIInterfaceOrientationPortraitUpsideDown UIInterfaceOrientationLandscapeLeft UIInterfaceOrientationLandscapeRight";
				INFOPLIST_KEY_UISupportedInterfaceOrientations_iPhone = "UIInterfaceOrientationPortrait UIInterfaceOrientationLandscapeLeft UIInterfaceOrientationLandscapeRight";
				LD_RUNPATH_SEARCH_PATHS = (
					"$(inherited)",
					"@executable_path/Frameworks",
				);
				MARKETING_VERSION = 1.0;
				PRODUCT_BUNDLE_IDENTIFIER = "com.shunsuke-soeyama.dataDisplay20220626";
				PRODUCT_NAME = "$(TARGET_NAME)";
				SWIFT_EMIT_LOC_STRINGS = YES;
				SWIFT_VERSION = 5.0;
				TARGETED_DEVICE_FAMILY = "1,2";
			};
			name = Release;
		};
		ABB3E1062868205D00327063 /* Debug */ = {
			isa = XCBuildConfiguration;
			buildSettings = {
				ALWAYS_EMBED_SWIFT_STANDARD_LIBRARIES = YES;
				BUNDLE_LOADER = "$(TEST_HOST)";
				CODE_SIGN_STYLE = Automatic;
				CURRENT_PROJECT_VERSION = 1;
				DEVELOPMENT_TEAM = NH7BJRH7T4;
				GENERATE_INFOPLIST_FILE = YES;
				IPHONEOS_DEPLOYMENT_TARGET = 15.5;
				MARKETING_VERSION = 1.0;
				PRODUCT_BUNDLE_IDENTIFIER = "com.shunsuke-soeyama.dataDisplayTests";
				PRODUCT_NAME = "$(TARGET_NAME)";
				SWIFT_EMIT_LOC_STRINGS = NO;
				SWIFT_VERSION = 5.0;
				TARGETED_DEVICE_FAMILY = "1,2";
				TEST_HOST = "$(BUILT_PRODUCTS_DIR)/dataDisplay.app/dataDisplay";
			};
			name = Debug;
		};
		ABB3E1072868205D00327063 /* Release */ = {
			isa = XCBuildConfiguration;
			buildSettings = {
				ALWAYS_EMBED_SWIFT_STANDARD_LIBRARIES = YES;
				BUNDLE_LOADER = "$(TEST_HOST)";
				CODE_SIGN_STYLE = Automatic;
				CURRENT_PROJECT_VERSION = 1;
				DEVELOPMENT_TEAM = NH7BJRH7T4;
				GENERATE_INFOPLIST_FILE = YES;
				IPHONEOS_DEPLOYMENT_TARGET = 15.5;
				MARKETING_VERSION = 1.0;
				PRODUCT_BUNDLE_IDENTIFIER = "com.shunsuke-soeyama.dataDisplayTests";
				PRODUCT_NAME = "$(TARGET_NAME)";
				SWIFT_EMIT_LOC_STRINGS = NO;
				SWIFT_VERSION = 5.0;
				TARGETED_DEVICE_FAMILY = "1,2";
				TEST_HOST = "$(BUILT_PRODUCTS_DIR)/dataDisplay.app/dataDisplay";
			};
			name = Release;
		};
		ABB3E1092868205D00327063 /* Debug */ = {
			isa = XCBuildConfiguration;
			buildSettings = {
				ALWAYS_EMBED_SWIFT_STANDARD_LIBRARIES = YES;
				CODE_SIGN_STYLE = Automatic;
				CURRENT_PROJECT_VERSION = 1;
				DEVELOPMENT_TEAM = NH7BJRH7T4;
				GENERATE_INFOPLIST_FILE = YES;
				MARKETING_VERSION = 1.0;
				PRODUCT_BUNDLE_IDENTIFIER = "com.shunsuke-soeyama.dataDisplayUITests";
				PRODUCT_NAME = "$(TARGET_NAME)";
				SWIFT_EMIT_LOC_STRINGS = NO;
				SWIFT_VERSION = 5.0;
				TARGETED_DEVICE_FAMILY = "1,2";
				TEST_TARGET_NAME = dataDisplay;
			};
			name = Debug;
		};
		ABB3E10A2868205D00327063 /* Release */ = {
			isa = XCBuildConfiguration;
			buildSettings = {
				ALWAYS_EMBED_SWIFT_STANDARD_LIBRARIES = YES;
				CODE_SIGN_STYLE = Automatic;
				CURRENT_PROJECT_VERSION = 1;
				DEVELOPMENT_TEAM = NH7BJRH7T4;
				GENERATE_INFOPLIST_FILE = YES;
				MARKETING_VERSION = 1.0;
				PRODUCT_BUNDLE_IDENTIFIER = "com.shunsuke-soeyama.dataDisplayUITests";
				PRODUCT_NAME = "$(TARGET_NAME)";
				SWIFT_EMIT_LOC_STRINGS = NO;
				SWIFT_VERSION = 5.0;
				TARGETED_DEVICE_FAMILY = "1,2";
				TEST_TARGET_NAME = dataDisplay;
			};
			name = Release;
		};
/* End XCBuildConfiguration section */

/* Begin XCConfigurationList section */
		ABB3E0D32868205D00327063 /* Build configuration list for PBXProject "dataDisplay" */ = {
			isa = XCConfigurationList;
			buildConfigurations = (
				ABB3E1002868205D00327063 /* Debug */,
				ABB3E1012868205D00327063 /* Release */,
			);
			defaultConfigurationIsVisible = 0;
			defaultConfigurationName = Release;
		};
		ABB3E1022868205D00327063 /* Build configuration list for PBXNativeTarget "dataDisplay" */ = {
			isa = XCConfigurationList;
			buildConfigurations = (
				ABB3E1032868205D00327063 /* Debug */,
				ABB3E1042868205D00327063 /* Release */,
			);
			defaultConfigurationIsVisible = 0;
			defaultConfigurationName = Release;
		};
		ABB3E1052868205D00327063 /* Build configuration list for PBXNativeTarget "dataDisplayTests" */ = {
			isa = XCConfigurationList;
			buildConfigurations = (
				ABB3E1062868205D00327063 /* Debug */,
				ABB3E1072868205D00327063 /* Release */,
			);
			defaultConfigurationIsVisible = 0;
			defaultConfigurationName = Release;
		};
		ABB3E1082868205D00327063 /* Build configuration list for PBXNativeTarget "dataDisplayUITests" */ = {
			isa = XCConfigurationList;
			buildConfigurations = (
				ABB3E1092868205D00327063 /* Debug */,
				ABB3E10A2868205D00327063 /* Release */,
			);
			defaultConfigurationIsVisible = 0;
			defaultConfigurationName = Release;
		};
/* End XCConfigurationList section */
	};
	rootObject = ABB3E0D02868205D00327063 /* Project object */;
}
